
Microsoft Visual Studio Solution File, Format Version 12.00
# Visual Studio Version 17
VisualStudioVersion = 17.0.31903.59
MinimumVisualStudioVersion = 10.0.40219.1
Project("{9A19103F-16F7-4668-BE54-9A1E7A4F7556}") = "TennisKata", "TennisKata\TennisKata.csproj", "{A97B2D15-0B29-4B8E-AFE2-DB9FE41C19CC}"
EndProject
Project("{9A19103F-16F7-4668-BE54-9A1E7A4F7556}") = "TennisKata.Test", "TennisKata.Test\TennisKata.Test.csproj", "{A2DD5FB7-CF34-44CD-9060-5F3F8AE23FFB}"
EndProject
Global
	GlobalSection(SolutionConfigurationPlatforms) = preSolution
		Debug|Any CPU = Debug|Any CPU
		Release|Any CPU = Release|Any CPU
	EndGlobalSection
	GlobalSection(ProjectConfigurationPlatforms) = postSolution
		{A97B2D15-0B29-4B8E-AFE2-DB9FE41C19CC}.Debug|Any CPU.ActiveCfg = Debug|Any CPU
		{A97B2D15-0B29-4B8E-AFE2-DB9FE41C19CC}.Debug|Any CPU.Build.0 = Debug|Any CPU
		{A97B2D15-0B29-4B8E-AFE2-DB9FE41C19CC}.Release|Any CPU.ActiveCfg = Release|Any CPU
		{A97B2D15-0B29-4B8E-AFE2-DB9FE41C19CC}.Release|Any CPU.Build.0 = Release|Any CPU
		{A2DD5FB7-CF34-44CD-9060-5F3F8AE23FFB}.Debug|Any CPU.ActiveCfg = Debug|Any CPU
		{A2DD5FB7-CF34-44CD-9060-5F3F8AE23FFB}.Debug|Any CPU.Build.0 = Debug|Any CPU
		{A2DD5FB7-CF34-44CD-9060-5F3F8AE23FFB}.Release|Any CPU.ActiveCfg = Release|Any CPU
		{A2DD5FB7-CF34-44CD-9060-5F3F8AE23FFB}.Release|Any CPU.Build.0 = Release|Any CPU
	EndGlobalSection
	GlobalSection(SolutionProperties) = preSolution
		HideSolutionNode = FALSE
	EndGlobalSection
	GlobalSection(ExtensibilityGlobals) = postSolution
		SolutionGuid = {C7F27107-AE7E-4B6F-AF24-EA7DA22F4EA6}
	EndGlobalSection
EndGlobal
